// !$*UTF8*$!
{
	archiveVersion = 1;
	classes = {
	};
	objectVersion = 51;
	objects = {

/* Begin PBXBuildFile section */
		3229C93908494175A23B0D70 /* MainViewController.swift in Sources */ = {isa = PBXBuildFile; fileRef = 4D2AC2C8BD31FF6B79904FEA /* MainViewController.swift */; };
		49121AC703263EF9D4349BD0 /* LaunchScreen.storyboard in Resources */ = {isa = PBXBuildFile; fileRef = 122459D7B9B11B0E6DA10B29 /* LaunchScreen.storyboard */; };
		5F75A987586CE9995DAE01F9 /* SearchViewController.swift in Sources */ = {isa = PBXBuildFile; fileRef = CCF7F8C6338BCDBF6E39A073 /* SearchViewController.swift */; };
		6596AB00818B0DB8FA103933 /* FakeCollectionViewCell.swift in Sources */ = {isa = PBXBuildFile; fileRef = F2F37462A44A2D082F34185C /* FakeCollectionViewCell.swift */; };
		859187E1AAF1F0412C89B60F /* Assets.xcassets in Resources */ = {isa = PBXBuildFile; fileRef = 688EACA8D73EA73551B5D65B /* Assets.xcassets */; };
		89BFA373276238970010A497 /* Network.swift in Sources */ = {isa = PBXBuildFile; fileRef = 89BFA372276238970010A497 /* Network.swift */; };
		89BFA376276252F00010A497 /* Player.swift in Sources */ = {isa = PBXBuildFile; fileRef = 89BFA375276252F00010A497 /* Player.swift */; };
		89BFA3782762531D0010A497 /* Team.swift in Sources */ = {isa = PBXBuildFile; fileRef = 89BFA3772762531D0010A497 /* Team.swift */; };
		89BFA37B276253D40010A497 /* RequestIdentifier.swift in Sources */ = {isa = PBXBuildFile; fileRef = 89BFA37A276253D40010A497 /* RequestIdentifier.swift */; };
		89BFA37D276267590010A497 /* SearchRequestResponse.swift in Sources */ = {isa = PBXBuildFile; fileRef = 89BFA37C276267590010A497 /* SearchRequestResponse.swift */; };
		89BFA37F276271770010A497 /* NetworkProtocol.swift in Sources */ = {isa = PBXBuildFile; fileRef = 89BFA37E276271770010A497 /* NetworkProtocol.swift */; };
		89BFA381276273880010A497 /* Match.swift in Sources */ = {isa = PBXBuildFile; fileRef = 89BFA380276273880010A497 /* Match.swift */; };
		9C05E0E85588AABB0DD0DCE2 /* RootViewController.swift in Sources */ = {isa = PBXBuildFile; fileRef = A239E62A1D0AEDE008AB2581 /* RootViewController.swift */; };
		A013D9EB544F0F1019335150 /* SceneDelegate.swift in Sources */ = {isa = PBXBuildFile; fileRef = AE7E6E3C98FF80A8B42BE7F2 /* SceneDelegate.swift */; };
		A811E88F566CB38CB47BF1A1 /* MatchCell.swift in Sources */ = {isa = PBXBuildFile; fileRef = 91BB0BB1EC6989C3484B074E /* MatchCell.swift */; };
		AD43856B695D066E48DD3707 /* UIView+Extension.swift in Sources */ = {isa = PBXBuildFile; fileRef = ACC43333E45E6834C85290C5 /* UIView+Extension.swift */; };
		B6E852038DA9F6A9962B8E13 /* AppDelegate.swift in Sources */ = {isa = PBXBuildFile; fileRef = F44F1FDD60297F71F3784753 /* AppDelegate.swift */; };
/* End PBXBuildFile section */

/* Begin PBXFileReference section */
		3C4215A571CA226661E71572 /* Info.plist */ = {isa = PBXFileReference; lastKnownFileType = text.plist; path = Info.plist; sourceTree = "<group>"; };
		4D2AC2C8BD31FF6B79904FEA /* MainViewController.swift */ = {isa = PBXFileReference; lastKnownFileType = sourcecode.swift; path = MainViewController.swift; sourceTree = "<group>"; };
		562063D9201F11346808A5FA /* FootballApp.app */ = {isa = PBXFileReference; includeInIndex = 0; lastKnownFileType = wrapper.application; path = FootballApp.app; sourceTree = BUILT_PRODUCTS_DIR; };
		688EACA8D73EA73551B5D65B /* Assets.xcassets */ = {isa = PBXFileReference; lastKnownFileType = folder.assetcatalog; path = Assets.xcassets; sourceTree = "<group>"; };
		89BFA372276238970010A497 /* Network.swift */ = {isa = PBXFileReference; lastKnownFileType = sourcecode.swift; path = Network.swift; sourceTree = "<group>"; };
		89BFA375276252F00010A497 /* Player.swift */ = {isa = PBXFileReference; lastKnownFileType = sourcecode.swift; path = Player.swift; sourceTree = "<group>"; };
		89BFA3772762531D0010A497 /* Team.swift */ = {isa = PBXFileReference; lastKnownFileType = sourcecode.swift; path = Team.swift; sourceTree = "<group>"; };
		89BFA37A276253D40010A497 /* RequestIdentifier.swift */ = {isa = PBXFileReference; lastKnownFileType = sourcecode.swift; path = RequestIdentifier.swift; sourceTree = "<group>"; };
		89BFA37C276267590010A497 /* SearchRequestResponse.swift */ = {isa = PBXFileReference; lastKnownFileType = sourcecode.swift; path = SearchRequestResponse.swift; sourceTree = "<group>"; };
		89BFA37E276271770010A497 /* NetworkProtocol.swift */ = {isa = PBXFileReference; lastKnownFileType = sourcecode.swift; path = NetworkProtocol.swift; sourceTree = "<group>"; };
		89BFA380276273880010A497 /* Match.swift */ = {isa = PBXFileReference; lastKnownFileType = sourcecode.swift; path = Match.swift; sourceTree = "<group>"; };
		91BB0BB1EC6989C3484B074E /* MatchCell.swift */ = {isa = PBXFileReference; lastKnownFileType = sourcecode.swift; path = MatchCell.swift; sourceTree = "<group>"; };
		A239E62A1D0AEDE008AB2581 /* RootViewController.swift */ = {isa = PBXFileReference; lastKnownFileType = sourcecode.swift; path = RootViewController.swift; sourceTree = "<group>"; };
		ACC43333E45E6834C85290C5 /* UIView+Extension.swift */ = {isa = PBXFileReference; lastKnownFileType = sourcecode.swift; path = "UIView+Extension.swift"; sourceTree = "<group>"; };
		AE7E6E3C98FF80A8B42BE7F2 /* SceneDelegate.swift */ = {isa = PBXFileReference; lastKnownFileType = sourcecode.swift; path = SceneDelegate.swift; sourceTree = "<group>"; };
		AFF546679ED8EF9A05450E04 /* Base */ = {isa = PBXFileReference; lastKnownFileType = file.storyboard; name = Base; path = Base.lproj/LaunchScreen.storyboard; sourceTree = "<group>"; };
		CCF7F8C6338BCDBF6E39A073 /* SearchViewController.swift */ = {isa = PBXFileReference; lastKnownFileType = sourcecode.swift; path = SearchViewController.swift; sourceTree = "<group>"; };
		F2F37462A44A2D082F34185C /* FakeCollectionViewCell.swift */ = {isa = PBXFileReference; lastKnownFileType = sourcecode.swift; path = FakeCollectionViewCell.swift; sourceTree = "<group>"; };
		F44F1FDD60297F71F3784753 /* AppDelegate.swift */ = {isa = PBXFileReference; lastKnownFileType = sourcecode.swift; path = AppDelegate.swift; sourceTree = "<group>"; };
/* End PBXFileReference section */

/* Begin PBXGroup section */
		125D7C5AF5735028B3DB6628 /* FootballApp */ = {
			isa = PBXGroup;
			children = (
				89BFA374276252C40010A497 /* Models */,
				89BFA371276237EC0010A497 /* Network */,
				1A2E6050DA5A3ED0A4BA346F /* Extensions */,
				959D2A8E7D3EA5592A006E32 /* Views */,
				F44F1FDD60297F71F3784753 /* AppDelegate.swift */,
				688EACA8D73EA73551B5D65B /* Assets.xcassets */,
				3C4215A571CA226661E71572 /* Info.plist */,
				122459D7B9B11B0E6DA10B29 /* LaunchScreen.storyboard */,
				4D2AC2C8BD31FF6B79904FEA /* MainViewController.swift */,
				91BB0BB1EC6989C3484B074E /* MatchCell.swift */,
				A239E62A1D0AEDE008AB2581 /* RootViewController.swift */,
				AE7E6E3C98FF80A8B42BE7F2 /* SceneDelegate.swift */,
				CCF7F8C6338BCDBF6E39A073 /* SearchViewController.swift */,
			);
			path = FootballApp;
			sourceTree = "<group>";
		};
		1A2E6050DA5A3ED0A4BA346F /* Extensions */ = {
			isa = PBXGroup;
			children = (
				ACC43333E45E6834C85290C5 /* UIView+Extension.swift */,
			);
			path = Extensions;
			sourceTree = "<group>";
		};
		89BFA371276237EC0010A497 /* Network */ = {
			isa = PBXGroup;
			children = (
				89BFA372276238970010A497 /* Network.swift */,
				89BFA37E276271770010A497 /* NetworkProtocol.swift */,
			);
			path = Network;
			sourceTree = "<group>";
		};
		89BFA374276252C40010A497 /* Models */ = {
			isa = PBXGroup;
			children = (
				89BFA379276253630010A497 /* ModelProtocols */,
				89BFA375276252F00010A497 /* Player.swift */,
				89BFA3772762531D0010A497 /* Team.swift */,
				89BFA380276273880010A497 /* Match.swift */,
				89BFA37C276267590010A497 /* SearchRequestResponse.swift */,
			);
			path = Models;
			sourceTree = "<group>";
		};
		89BFA379276253630010A497 /* ModelProtocols */ = {
			isa = PBXGroup;
			children = (
				89BFA37A276253D40010A497 /* RequestIdentifier.swift */,
			);
			path = ModelProtocols;
			sourceTree = "<group>";
		};
		8BD5430CABB41483E3CEE63B /* Products */ = {
			isa = PBXGroup;
			children = (
				562063D9201F11346808A5FA /* FootballApp.app */,
			);
			name = Products;
			sourceTree = "<group>";
		};
		959D2A8E7D3EA5592A006E32 /* Views */ = {
			isa = PBXGroup;
			children = (
				F2F37462A44A2D082F34185C /* FakeCollectionViewCell.swift */,
			);
			path = Views;
			sourceTree = "<group>";
		};
		E094638AF1C1C4B141A3AFB2 = {
			isa = PBXGroup;
			children = (
				125D7C5AF5735028B3DB6628 /* FootballApp */,
				8BD5430CABB41483E3CEE63B /* Products */,
			);
			sourceTree = "<group>";
		};
/* End PBXGroup section */

/* Begin PBXNativeTarget section */
		3DE6E46BB989FCBCB5800547 /* FootballApp */ = {
			isa = PBXNativeTarget;
			buildConfigurationList = 50DC62F59B4ADA9159E84E26 /* Build configuration list for PBXNativeTarget "FootballApp" */;
			buildPhases = (
				660FFA4341BD3BE7E122FB18 /* Sources */,
				8C46FB9D1F163AA7BCA4DBBE /* Resources */,
			);
			buildRules = (
			);
			dependencies = (
			);
			name = FootballApp;
			productName = FootballApp;
			productReference = 562063D9201F11346808A5FA /* FootballApp.app */;
			productType = "com.apple.product-type.application";
		};
/* End PBXNativeTarget section */

/* Begin PBXProject section */
		322601049D2B733E3D8F16ED /* Project object */ = {
			isa = PBXProject;
			attributes = {
				LastUpgradeCheck = 1200;
			};
			buildConfigurationList = 9E0B789390D4FD78BC6B265E /* Build configuration list for PBXProject "FootballApp" */;
			compatibilityVersion = "Xcode 10.0";
			developmentRegion = en;
			hasScannedForEncodings = 0;
			knownRegions = (
				Base,
				en,
			);
			mainGroup = E094638AF1C1C4B141A3AFB2;
			projectDirPath = "";
			projectRoot = "";
			targets = (
				3DE6E46BB989FCBCB5800547 /* FootballApp */,
			);
		};
/* End PBXProject section */

/* Begin PBXResourcesBuildPhase section */
		8C46FB9D1F163AA7BCA4DBBE /* Resources */ = {
			isa = PBXResourcesBuildPhase;
			buildActionMask = 2147483647;
			files = (
				859187E1AAF1F0412C89B60F /* Assets.xcassets in Resources */,
				49121AC703263EF9D4349BD0 /* LaunchScreen.storyboard in Resources */,
			);
			runOnlyForDeploymentPostprocessing = 0;
		};
/* End PBXResourcesBuildPhase section */

/* Begin PBXSourcesBuildPhase section */
		660FFA4341BD3BE7E122FB18 /* Sources */ = {
			isa = PBXSourcesBuildPhase;
			buildActionMask = 2147483647;
			files = (
				89BFA37D276267590010A497 /* SearchRequestResponse.swift in Sources */,
				B6E852038DA9F6A9962B8E13 /* AppDelegate.swift in Sources */,
				6596AB00818B0DB8FA103933 /* FakeCollectionViewCell.swift in Sources */,
				3229C93908494175A23B0D70 /* MainViewController.swift in Sources */,
				A811E88F566CB38CB47BF1A1 /* MatchCell.swift in Sources */,
				9C05E0E85588AABB0DD0DCE2 /* RootViewController.swift in Sources */,
				89BFA373276238970010A497 /* Network.swift in Sources */,
				A013D9EB544F0F1019335150 /* SceneDelegate.swift in Sources */,
				5F75A987586CE9995DAE01F9 /* SearchViewController.swift in Sources */,
				89BFA3782762531D0010A497 /* Team.swift in Sources */,
				89BFA381276273880010A497 /* Match.swift in Sources */,
				89BFA37F276271770010A497 /* NetworkProtocol.swift in Sources */,
				89BFA376276252F00010A497 /* Player.swift in Sources */,
				89BFA37B276253D40010A497 /* RequestIdentifier.swift in Sources */,
				AD43856B695D066E48DD3707 /* UIView+Extension.swift in Sources */,
			);
			runOnlyForDeploymentPostprocessing = 0;
		};
/* End PBXSourcesBuildPhase section */

/* Begin PBXVariantGroup section */
		122459D7B9B11B0E6DA10B29 /* LaunchScreen.storyboard */ = {
			isa = PBXVariantGroup;
			children = (
				AFF546679ED8EF9A05450E04 /* Base */,
			);
			name = LaunchScreen.storyboard;
			sourceTree = "<group>";
		};
/* End PBXVariantGroup section */

/* Begin XCBuildConfiguration section */
		06260CB06AC47169222DC552 /* Debug.Dev */ = {
			isa = XCBuildConfiguration;
			buildSettings = {
				ALWAYS_SEARCH_USER_PATHS = NO;
				CLANG_ANALYZER_NONNULL = YES;
				CLANG_ANALYZER_NUMBER_OBJECT_CONVERSION = YES_AGGRESSIVE;
				CLANG_CXX_LANGUAGE_STANDARD = "gnu++14";
				CLANG_CXX_LIBRARY = "libc++";
				CLANG_ENABLE_MODULES = YES;
				CLANG_ENABLE_OBJC_ARC = YES;
				CLANG_ENABLE_OBJC_WEAK = YES;
				CLANG_WARN_BLOCK_CAPTURE_AUTORELEASING = YES;
				CLANG_WARN_BOOL_CONVERSION = YES;
				CLANG_WARN_COMMA = YES;
				CLANG_WARN_CONSTANT_CONVERSION = YES;
				CLANG_WARN_DEPRECATED_OBJC_IMPLEMENTATIONS = YES;
				CLANG_WARN_DIRECT_OBJC_ISA_USAGE = YES_ERROR;
				CLANG_WARN_DOCUMENTATION_COMMENTS = YES;
				CLANG_WARN_EMPTY_BODY = YES;
				CLANG_WARN_ENUM_CONVERSION = YES;
				CLANG_WARN_INFINITE_RECURSION = YES;
				CLANG_WARN_INT_CONVERSION = YES;
				CLANG_WARN_NON_LITERAL_NULL_CONVERSION = YES;
				CLANG_WARN_OBJC_IMPLICIT_RETAIN_SELF = YES;
				CLANG_WARN_OBJC_LITERAL_CONVERSION = YES;
				CLANG_WARN_OBJC_ROOT_CLASS = YES_ERROR;
				CLANG_WARN_QUOTED_INCLUDE_IN_FRAMEWORK_HEADER = YES;
				CLANG_WARN_RANGE_LOOP_ANALYSIS = YES;
				CLANG_WARN_STRICT_PROTOTYPES = YES;
				CLANG_WARN_SUSPICIOUS_MOVE = YES;
				CLANG_WARN_UNGUARDED_AVAILABILITY = YES_AGGRESSIVE;
				CLANG_WARN_UNREACHABLE_CODE = YES;
				CLANG_WARN__DUPLICATE_METHOD_MATCH = YES;
				COPY_PHASE_STRIP = NO;
				DEBUG_INFORMATION_FORMAT = dwarf;
				ENABLE_STRICT_OBJC_MSGSEND = YES;
				ENABLE_TESTABILITY = YES;
				GCC_C_LANGUAGE_STANDARD = gnu11;
				GCC_DYNAMIC_NO_PIC = NO;
				GCC_NO_COMMON_BLOCKS = YES;
				GCC_OPTIMIZATION_LEVEL = 0;
				GCC_PREPROCESSOR_DEFINITIONS = (
					"$(inherited)",
					"DEBUG=1",
				);
				GCC_WARN_64_TO_32_BIT_CONVERSION = YES;
				GCC_WARN_ABOUT_RETURN_TYPE = YES_ERROR;
				GCC_WARN_UNDECLARED_SELECTOR = YES;
				GCC_WARN_UNINITIALIZED_AUTOS = YES_AGGRESSIVE;
				GCC_WARN_UNUSED_FUNCTION = YES;
				GCC_WARN_UNUSED_VARIABLE = YES;
				MTL_ENABLE_DEBUG_INFO = INCLUDE_SOURCE;
				MTL_FAST_MATH = YES;
				ONLY_ACTIVE_ARCH = YES;
				PRODUCT_NAME = "$(TARGET_NAME)";
				SDKROOT = iphoneos;
				SWIFT_ACTIVE_COMPILATION_CONDITIONS = DEBUG;
				SWIFT_OPTIMIZATION_LEVEL = "-Onone";
				SWIFT_VERSION = 5.0;
			};
			name = Debug.Dev;
		};
		0F119A3A76B37E4404B1D95E /* Debug.Prod */ = {
			isa = XCBuildConfiguration;
			buildSettings = {
				ASSETCATALOG_COMPILER_APPICON_NAME = AppIcon;
				CODE_SIGN_IDENTITY = "iPhone Developer";
				INFOPLIST_FILE = FootballApp/Info.plist;
				IPHONEOS_DEPLOYMENT_TARGET = 13.0;
				LD_RUNPATH_SEARCH_PATHS = (
					"$(inherited)",
					"@executable_path/Frameworks",
				);
				MARKETING_VERSION = 1.0;
				PRODUCT_BUNDLE_IDENTIFIER = com.MS.FootballApp;
				SDKROOT = iphoneos;
				TARGETED_DEVICE_FAMILY = "1,2";
			};
			name = Debug.Prod;
		};
		1FAE287164561E6C607F51EC /* Debug.Prod */ = {
			isa = XCBuildConfiguration;
			buildSettings = {
				ALWAYS_SEARCH_USER_PATHS = NO;
				CLANG_ANALYZER_NONNULL = YES;
				CLANG_ANALYZER_NUMBER_OBJECT_CONVERSION = YES_AGGRESSIVE;
				CLANG_CXX_LANGUAGE_STANDARD = "gnu++14";
				CLANG_CXX_LIBRARY = "libc++";
				CLANG_ENABLE_MODULES = YES;
				CLANG_ENABLE_OBJC_ARC = YES;
				CLANG_ENABLE_OBJC_WEAK = YES;
				CLANG_WARN_BLOCK_CAPTURE_AUTORELEASING = YES;
				CLANG_WARN_BOOL_CONVERSION = YES;
				CLANG_WARN_COMMA = YES;
				CLANG_WARN_CONSTANT_CONVERSION = YES;
				CLANG_WARN_DEPRECATED_OBJC_IMPLEMENTATIONS = YES;
				CLANG_WARN_DIRECT_OBJC_ISA_USAGE = YES_ERROR;
				CLANG_WARN_DOCUMENTATION_COMMENTS = YES;
				CLANG_WARN_EMPTY_BODY = YES;
				CLANG_WARN_ENUM_CONVERSION = YES;
				CLANG_WARN_INFINITE_RECURSION = YES;
				CLANG_WARN_INT_CONVERSION = YES;
				CLANG_WARN_NON_LITERAL_NULL_CONVERSION = YES;
				CLANG_WARN_OBJC_IMPLICIT_RETAIN_SELF = YES;
				CLANG_WARN_OBJC_LITERAL_CONVERSION = YES;
				CLANG_WARN_OBJC_ROOT_CLASS = YES_ERROR;
				CLANG_WARN_QUOTED_INCLUDE_IN_FRAMEWORK_HEADER = YES;
				CLANG_WARN_RANGE_LOOP_ANALYSIS = YES;
				CLANG_WARN_STRICT_PROTOTYPES = YES;
				CLANG_WARN_SUSPICIOUS_MOVE = YES;
				CLANG_WARN_UNGUARDED_AVAILABILITY = YES_AGGRESSIVE;
				CLANG_WARN_UNREACHABLE_CODE = YES;
				CLANG_WARN__DUPLICATE_METHOD_MATCH = YES;
				COPY_PHASE_STRIP = NO;
				DEBUG_INFORMATION_FORMAT = dwarf;
				ENABLE_STRICT_OBJC_MSGSEND = YES;
				ENABLE_TESTABILITY = YES;
				GCC_C_LANGUAGE_STANDARD = gnu11;
				GCC_DYNAMIC_NO_PIC = NO;
				GCC_NO_COMMON_BLOCKS = YES;
				GCC_OPTIMIZATION_LEVEL = 0;
				GCC_PREPROCESSOR_DEFINITIONS = (
					"$(inherited)",
					"DEBUG=1",
				);
				GCC_WARN_64_TO_32_BIT_CONVERSION = YES;
				GCC_WARN_ABOUT_RETURN_TYPE = YES_ERROR;
				GCC_WARN_UNDECLARED_SELECTOR = YES;
				GCC_WARN_UNINITIALIZED_AUTOS = YES_AGGRESSIVE;
				GCC_WARN_UNUSED_FUNCTION = YES;
				GCC_WARN_UNUSED_VARIABLE = YES;
				MTL_ENABLE_DEBUG_INFO = INCLUDE_SOURCE;
				MTL_FAST_MATH = YES;
				ONLY_ACTIVE_ARCH = YES;
				PRODUCT_NAME = "$(TARGET_NAME)";
				SDKROOT = iphoneos;
				SWIFT_ACTIVE_COMPILATION_CONDITIONS = DEBUG;
				SWIFT_OPTIMIZATION_LEVEL = "-Onone";
				SWIFT_VERSION = 5.0;
			};
			name = Debug.Prod;
		};
		35E309A4DE606B98945F79E8 /* Release */ = {
			isa = XCBuildConfiguration;
			buildSettings = {
				ALWAYS_SEARCH_USER_PATHS = NO;
				CLANG_ANALYZER_NONNULL = YES;
				CLANG_ANALYZER_NUMBER_OBJECT_CONVERSION = YES_AGGRESSIVE;
				CLANG_CXX_LANGUAGE_STANDARD = "gnu++14";
				CLANG_CXX_LIBRARY = "libc++";
				CLANG_ENABLE_MODULES = YES;
				CLANG_ENABLE_OBJC_ARC = YES;
				CLANG_ENABLE_OBJC_WEAK = YES;
				CLANG_WARN_BLOCK_CAPTURE_AUTORELEASING = YES;
				CLANG_WARN_BOOL_CONVERSION = YES;
				CLANG_WARN_COMMA = YES;
				CLANG_WARN_CONSTANT_CONVERSION = YES;
				CLANG_WARN_DEPRECATED_OBJC_IMPLEMENTATIONS = YES;
				CLANG_WARN_DIRECT_OBJC_ISA_USAGE = YES_ERROR;
				CLANG_WARN_DOCUMENTATION_COMMENTS = YES;
				CLANG_WARN_EMPTY_BODY = YES;
				CLANG_WARN_ENUM_CONVERSION = YES;
				CLANG_WARN_INFINITE_RECURSION = YES;
				CLANG_WARN_INT_CONVERSION = YES;
				CLANG_WARN_NON_LITERAL_NULL_CONVERSION = YES;
				CLANG_WARN_OBJC_IMPLICIT_RETAIN_SELF = YES;
				CLANG_WARN_OBJC_LITERAL_CONVERSION = YES;
				CLANG_WARN_OBJC_ROOT_CLASS = YES_ERROR;
				CLANG_WARN_QUOTED_INCLUDE_IN_FRAMEWORK_HEADER = YES;
				CLANG_WARN_RANGE_LOOP_ANALYSIS = YES;
				CLANG_WARN_STRICT_PROTOTYPES = YES;
				CLANG_WARN_SUSPICIOUS_MOVE = YES;
				CLANG_WARN_UNGUARDED_AVAILABILITY = YES_AGGRESSIVE;
				CLANG_WARN_UNREACHABLE_CODE = YES;
				CLANG_WARN__DUPLICATE_METHOD_MATCH = YES;
				COPY_PHASE_STRIP = NO;
				DEBUG_INFORMATION_FORMAT = "dwarf-with-dsym";
				ENABLE_NS_ASSERTIONS = NO;
				ENABLE_STRICT_OBJC_MSGSEND = YES;
				GCC_C_LANGUAGE_STANDARD = gnu11;
				GCC_NO_COMMON_BLOCKS = YES;
				GCC_WARN_64_TO_32_BIT_CONVERSION = YES;
				GCC_WARN_ABOUT_RETURN_TYPE = YES_ERROR;
				GCC_WARN_UNDECLARED_SELECTOR = YES;
				GCC_WARN_UNINITIALIZED_AUTOS = YES_AGGRESSIVE;
				GCC_WARN_UNUSED_FUNCTION = YES;
				GCC_WARN_UNUSED_VARIABLE = YES;
				MTL_ENABLE_DEBUG_INFO = NO;
				MTL_FAST_MATH = YES;
				PRODUCT_NAME = "$(TARGET_NAME)";
				SDKROOT = iphoneos;
				SWIFT_COMPILATION_MODE = wholemodule;
				SWIFT_OPTIMIZATION_LEVEL = "-O";
				SWIFT_VERSION = 5.0;
			};
			name = Release;
		};
		65CEE1751BF81DDD0133B2CE /* Release */ = {
			isa = XCBuildConfiguration;
			buildSettings = {
				ASSETCATALOG_COMPILER_APPICON_NAME = AppIcon;
				CODE_SIGN_IDENTITY = "iPhone Developer";
				INFOPLIST_FILE = FootballApp/Info.plist;
				IPHONEOS_DEPLOYMENT_TARGET = 13.0;
				LD_RUNPATH_SEARCH_PATHS = (
					"$(inherited)",
					"@executable_path/Frameworks",
				);
				MARKETING_VERSION = 1.0;
				PRODUCT_BUNDLE_IDENTIFIER = com.MS.FootballApp;
				SDKROOT = iphoneos;
				TARGETED_DEVICE_FAMILY = "1,2";
			};
			name = Release;
		};
		692E073D5015C8DAD639D029 /* Debug.Dev */ = {
			isa = XCBuildConfiguration;
			buildSettings = {
				ASSETCATALOG_COMPILER_APPICON_NAME = AppIcon;
				CODE_SIGN_IDENTITY = "iPhone Developer";
				INFOPLIST_FILE = FootballApp/Info.plist;
				IPHONEOS_DEPLOYMENT_TARGET = 13.0;
				LD_RUNPATH_SEARCH_PATHS = (
					"$(inherited)",
					"@executable_path/Frameworks",
				);
				MARKETING_VERSION = 1.0;
				PRODUCT_BUNDLE_IDENTIFIER = com.MS.FootballApp;
				SDKROOT = iphoneos;
				TARGETED_DEVICE_FAMILY = "1,2";
			};
			name = Debug.Dev;
		};
/* End XCBuildConfiguration section */

/* Begin XCConfigurationList section */
		50DC62F59B4ADA9159E84E26 /* Build configuration list for PBXNativeTarget "FootballApp" */ = {
			isa = XCConfigurationList;
			buildConfigurations = (
				692E073D5015C8DAD639D029 /* Debug.Dev */,
				0F119A3A76B37E4404B1D95E /* Debug.Prod */,
				65CEE1751BF81DDD0133B2CE /* Release */,
			);
			defaultConfigurationIsVisible = 0;
			defaultConfigurationName = Debug.Dev;
		};
		9E0B789390D4FD78BC6B265E /* Build configuration list for PBXProject "FootballApp" */ = {
			isa = XCConfigurationList;
			buildConfigurations = (
				06260CB06AC47169222DC552 /* Debug.Dev */,
				1FAE287164561E6C607F51EC /* Debug.Prod */,
				35E309A4DE606B98945F79E8 /* Release */,
			);
			defaultConfigurationIsVisible = 0;
			defaultConfigurationName = Debug.Dev;
		};
/* End XCConfigurationList section */
	};
	rootObject = 322601049D2B733E3D8F16ED /* Project object */;
}
